
Microsoft Visual Studio Solution File, Format Version 12.00
# Visual Studio 15
VisualStudioVersion = 15.0.28010.2046
MinimumVisualStudioVersion = 10.0.40219.1
Project("{FAE04EC0-301F-11D3-BF4B-00C04F79EFBC}") = "Algebra-PracticeQuestions", "Algebra-PracticeQuestions\Algebra-PracticeQuestions.csproj", "{FA909F85-87D6-4C4C-93B9-067B5382AFFE}"
EndProject
Global
	GlobalSection(SolutionConfigurationPlatforms) = preSolution
		Debug|Any CPU = Debug|Any CPU
		Release|Any CPU = Release|Any CPU
	EndGlobalSection
	GlobalSection(ProjectConfigurationPlatforms) = postSolution
		{FA909F85-87D6-4C4C-93B9-067B5382AFFE}.Debug|Any CPU.ActiveCfg = Debug|Any CPU
		{FA909F85-87D6-4C4C-93B9-067B5382AFFE}.Debug|Any CPU.Build.0 = Debug|Any CPU
		{FA909F85-87D6-4C4C-93B9-067B5382AFFE}.Release|Any CPU.ActiveCfg = Release|Any CPU
		{FA909F85-87D6-4C4C-93B9-067B5382AFFE}.Release|Any CPU.Build.0 = Release|Any CPU
	EndGlobalSection
	GlobalSection(SolutionProperties) = preSolution
		HideSolutionNode = FALSE
	EndGlobalSection
	GlobalSection(ExtensibilityGlobals) = postSolution
		SolutionGuid = {50F79F19-4233-49C7-92FE-879AF3898867}
	EndGlobalSection
EndGlobal
